PODS:
  - Adjust (4.17.3):
    - Adjust/Core (= 4.17.3)
  - Adjust/Core (4.17.3)
  - adjust_sdk (4.17.1):
    - Adjust (~> 4.17.3)
    - Flutter
  - Flutter (1.0.0)

DEPENDENCIES:
  - adjust_sdk (from `Pods/.symlinks/plugins/adjust_sdk/ios`)
  - Flutter (from `Pods/.symlinks/flutter/ios`)

SPEC REPOS:
  https://github.com/cocoapods/specs.git:
    - Adjust

EXTERNAL SOURCES:
  adjust_sdk:
    :path: Pods/.symlinks/plugins/adjust_sdk/ios
  Flutter:
    :path: Pods/.symlinks/flutter/ios

SPEC CHECKSUMS:
  Adjust: d77428a8e5198af821a059856376b9f16debdcc7
  adjust_sdk: e4801b30c552aae79a4267d93821e3a73e14640e
  Flutter: 58dd7d1b27887414a370fcccb9e645c08ffd7a6a

PODFILE CHECKSUM: 13dcf421f4da2e937a57e8ba760ed880beae536f

COCOAPODS: 1.7.1
