PODS:
  - Adjust (4.29.2):
    - Adjust/Core (= 4.29.2)
  - Adjust/Core (4.29.2)
  - adjust_sdk (4.29.0):
    - Adjust (= 4.29.2)
    - Flutter
  - Flutter (1.0.0)

DEPENDENCIES:
  - adjust_sdk (from `.symlinks/plugins/adjust_sdk/ios`)
  - Flutter (from `Flutter`)

SPEC REPOS:
  trunk:
    - Adjust

EXTERNAL SOURCES:
  adjust_sdk:
    :path: ".symlinks/plugins/adjust_sdk/ios"
  Flutter:
    :path: Flutter

SPEC CHECKSUMS:
  Adjust: 0b649decc070365365bec4e4b8d8bf6e49fe1746
  adjust_sdk: 34564bd90ca531619156f16846722b07c9bbd9c8
  Flutter: 434fef37c0980e73bb6479ef766c45957d4b510c

PODFILE CHECKSUM: aafe91acc616949ddb318b77800a7f51bffa2a4c

COCOAPODS: 1.10.1
